
Microsoft Visual Studio Solution File, Format Version 12.00
# Visual Studio Version 17
VisualStudioVersion = 17.8.34408.163
MinimumVisualStudioVersion = 10.0.40219.1
Project("{FAE04EC0-301F-11D3-BF4B-00C04F79EFBC}") = "VoiceNaviPlus", "VoiceNaviPlus\VoiceNaviPlus.csproj", "{7BFA0FEB-37D1-45BD-8310-F3F3C8ADE45E}"
EndProject
Global
	GlobalSection(SolutionConfigurationPlatforms) = preSolution
		Debug|Any CPU = Debug|Any CPU
		Release|Any CPU = Release|Any CPU
	EndGlobalSection
	GlobalSection(ProjectConfigurationPlatforms) = postSolution
		{7BFA0FEB-37D1-45BD-8310-F3F3C8ADE45E}.Debug|Any CPU.ActiveCfg = Debug|Any CPU
		{7BFA0FEB-37D1-45BD-8310-F3F3C8ADE45E}.Debug|Any CPU.Build.0 = Debug|Any CPU
		{7BFA0FEB-37D1-45BD-8310-F3F3C8ADE45E}.Release|Any CPU.ActiveCfg = Release|Any CPU
		{7BFA0FEB-37D1-45BD-8310-F3F3C8ADE45E}.Release|Any CPU.Build.0 = Release|Any CPU
	EndGlobalSection
	GlobalSection(SolutionProperties) = preSolution
		HideSolutionNode = FALSE
	EndGlobalSection
	GlobalSection(ExtensibilityGlobals) = postSolution
		SolutionGuid = {4EA901F7-17BD-41FE-B0AF-27532DBA784F}
	EndGlobalSection
EndGlobal
